dependencies:
- name: nginx
  repository: oci://registry-1.docker.io/bitnamicharts
  version: 18.1.4
- name: common
  repository: oci://registry-1.docker.io/bitnamicharts
  version: 2.20.5
digest: sha256:91639bd7cb509f91a5497257a4d4349e6078fbf95ce793f4d1027e1cd6b677e1
generated: "2024-07-18T10:26:52.520334728+02:00"
