dependencies:
- name: elasticsearch
  repository: oci://registry-1.docker.io/bitnamicharts
  version: 19.17.2
- name: postgresql
  repository: oci://registry-1.docker.io/bitnamicharts
  version: 14.0.1
- name: mysql
  repository: oci://registry-1.docker.io/bitnamicharts
  version: 9.19.1
- name: mariadb
  repository: oci://registry-1.docker.io/bitnamicharts
  version: 15.0.0
digest: sha256:ba33f6fa8a803a30ac89226a2e9250ac49f67d91527a616e9e9da2d2dc8db64c
generated: "2024-02-07T17:25:56.702415491+01:00"
